
Microsoft Visual Studio Solution File, Format Version 12.00
# Visual Studio 15
VisualStudioVersion = 15.0.28010.2048
MinimumVisualStudioVersion = 10.0.40219.1
Project("{FAE04EC0-301F-11D3-BF4B-00C04F79EFBC}") = "RouteAttributesApp", "RouteAttributesApp\RouteAttributesApp.csproj", "{3DA88CD6-701F-4914-AD46-DC28FBA535E9}"
EndProject
Global
	GlobalSection(SolutionConfigurationPlatforms) = preSolution
		Debug|Any CPU = Debug|Any CPU
		Release|Any CPU = Release|Any CPU
	EndGlobalSection
	GlobalSection(ProjectConfigurationPlatforms) = postSolution
		{3DA88CD6-701F-4914-AD46-DC28FBA535E9}.Debug|Any CPU.ActiveCfg = Debug|Any CPU
		{3DA88CD6-701F-4914-AD46-DC28FBA535E9}.Debug|Any CPU.Build.0 = Debug|Any CPU
		{3DA88CD6-701F-4914-AD46-DC28FBA535E9}.Release|Any CPU.ActiveCfg = Release|Any CPU
		{3DA88CD6-701F-4914-AD46-DC28FBA535E9}.Release|Any CPU.Build.0 = Release|Any CPU
	EndGlobalSection
	GlobalSection(SolutionProperties) = preSolution
		HideSolutionNode = FALSE
	EndGlobalSection
	GlobalSection(ExtensibilityGlobals) = postSolution
		SolutionGuid = {D9810F0C-2A07-443B-BF2F-157A2209D6AE}
	EndGlobalSection
EndGlobal
